// !$*UTF8*$!
{
	archiveVersion = 1;
	classes = {
	};
	objectVersion = 52;
	objects = {

/* Begin PBXBuildFile section */
		11F53DB06E1C51FFB3390FD3 /* Pods_flixter_flixterUITests.framework in Frameworks */ = {isa = PBXBuildFile; fileRef = CED8AE4F82972AC37D7CCC72 /* Pods_flixter_flixterUITests.framework */; };
		61802A5BA6DF9E61110CD399 /* Pods_flixter.framework in Frameworks */ = {isa = PBXBuildFile; fileRef = 834AD43A6D110DE2986F0E51 /* Pods_flixter.framework */; };
		C3225B1B75BBBA5E336F974C /* Pods_flixterTests.framework in Frameworks */ = {isa = PBXBuildFile; fileRef = 41AA207B050C7D14FFACACDE /* Pods_flixterTests.framework */; };
		CF327F2B26F654C7009DE27A /* AppDelegate.swift in Sources */ = {isa = PBXBuildFile; fileRef = CF327F2A26F654C7009DE27A /* AppDelegate.swift */; };
		CF327F2D26F654C7009DE27A /* SceneDelegate.swift in Sources */ = {isa = PBXBuildFile; fileRef = CF327F2C26F654C7009DE27A /* SceneDelegate.swift */; };
		CF327F3226F654C7009DE27A /* Main.storyboard in Resources */ = {isa = PBXBuildFile; fileRef = CF327F3026F654C7009DE27A /* Main.storyboard */; };
		CF327F3426F654CA009DE27A /* Assets.xcassets in Resources */ = {isa = PBXBuildFile; fileRef = CF327F3326F654CA009DE27A /* Assets.xcassets */; };
		CF327F3726F654CA009DE27A /* LaunchScreen.storyboard in Resources */ = {isa = PBXBuildFile; fileRef = CF327F3526F654CA009DE27A /* LaunchScreen.storyboard */; };
		CF327F4226F654CB009DE27A /* flixterTests.swift in Sources */ = {isa = PBXBuildFile; fileRef = CF327F4126F654CB009DE27A /* flixterTests.swift */; };
		CF327F4D26F654CB009DE27A /* flixterUITests.swift in Sources */ = {isa = PBXBuildFile; fileRef = CF327F4C26F654CB009DE27A /* flixterUITests.swift */; };
		CF327F5B26FE225C009DE27A /* MoviesViewController.swift in Sources */ = {isa = PBXBuildFile; fileRef = CF327F5A26FE225C009DE27A /* MoviesViewController.swift */; };
		CF327F5F2700199B009DE27A /* MovieCell.swift in Sources */ = {isa = PBXBuildFile; fileRef = CF327F5E2700199B009DE27A /* MovieCell.swift */; };
		CF327F622700D565009DE27A /* AlamofireImage in Frameworks */ = {isa = PBXBuildFile; productRef = CF327F612700D565009DE27A /* AlamofireImage */; };
/* End PBXBuildFile section */

/* Begin PBXContainerItemProxy section */
		CF327F3E26F654CB009DE27A /* PBXContainerItemProxy */ = {
			isa = PBXContainerItemProxy;
			containerPortal = CF327F1F26F654C7009DE27A /* Project object */;
			proxyType = 1;
			remoteGlobalIDString = CF327F2626F654C7009DE27A;
			remoteInfo = flixter;
		};
		CF327F4926F654CB009DE27A /* PBXContainerItemProxy */ = {
			isa = PBXContainerItemProxy;
			containerPortal = CF327F1F26F654C7009DE27A /* Project object */;
			proxyType = 1;
			remoteGlobalIDString = CF327F2626F654C7009DE27A;
			remoteInfo = flixter;
		};
/* End PBXContainerItemProxy section */

/* Begin PBXFileReference section */
		1CB0E339D93001DF2B742DDC /* Pods-flixter.debug.xcconfig */ = {isa = PBXFileReference; includeInIndex = 1; lastKnownFileType = text.xcconfig; name = "Pods-flixter.debug.xcconfig"; path = "Target Support Files/Pods-flixter/Pods-flixter.debug.xcconfig"; sourceTree = "<group>"; };
		2C4EC16DE3FC7CA73FDDCC21 /* Pods-flixterTests.release.xcconfig */ = {isa = PBXFileReference; includeInIndex = 1; lastKnownFileType = text.xcconfig; name = "Pods-flixterTests.release.xcconfig"; path = "Target Support Files/Pods-flixterTests/Pods-flixterTests.release.xcconfig"; sourceTree = "<group>"; };
		41AA207B050C7D14FFACACDE /* Pods_flixterTests.framework */ = {isa = PBXFileReference; explicitFileType = wrapper.framework; includeInIndex = 0; path = Pods_flixterTests.framework; sourceTree = BUILT_PRODUCTS_DIR; };
		834AD43A6D110DE2986F0E51 /* Pods_flixter.framework */ = {isa = PBXFileReference; explicitFileType = wrapper.framework; includeInIndex = 0; path = Pods_flixter.framework; sourceTree = BUILT_PRODUCTS_DIR; };
		8E939E816A9AADE9407F30A7 /* Pods-flixterTests.debug.xcconfig */ = {isa = PBXFileReference; includeInIndex = 1; lastKnownFileType = text.xcconfig; name = "Pods-flixterTests.debug.xcconfig"; path = "Target Support Files/Pods-flixterTests/Pods-flixterTests.debug.xcconfig"; sourceTree = "<group>"; };
		99FF825D24062ADD7C827694 /* Pods-flixter.release.xcconfig */ = {isa = PBXFileReference; includeInIndex = 1; lastKnownFileType = text.xcconfig; name = "Pods-flixter.release.xcconfig"; path = "Target Support Files/Pods-flixter/Pods-flixter.release.xcconfig"; sourceTree = "<group>"; };
		C09B240702EF23BCCB26604A /* Pods-flixter-flixterUITests.release.xcconfig */ = {isa = PBXFileReference; includeInIndex = 1; lastKnownFileType = text.xcconfig; name = "Pods-flixter-flixterUITests.release.xcconfig"; path = "Target Support Files/Pods-flixter-flixterUITests/Pods-flixter-flixterUITests.release.xcconfig"; sourceTree = "<group>"; };
		CED8AE4F82972AC37D7CCC72 /* Pods_flixter_flixterUITests.framework */ = {isa = PBXFileReference; explicitFileType = wrapper.framework; includeInIndex = 0; path = Pods_flixter_flixterUITests.framework; sourceTree = BUILT_PRODUCTS_DIR; };
		CF327F2726F654C7009DE27A /* flixter.app */ = {isa = PBXFileReference; explicitFileType = wrapper.application; includeInIndex = 0; path = flixter.app; sourceTree = BUILT_PRODUCTS_DIR; };
		CF327F2A26F654C7009DE27A /* AppDelegate.swift */ = {isa = PBXFileReference; lastKnownFileType = sourcecode.swift; path = AppDelegate.swift; sourceTree = "<group>"; };
		CF327F2C26F654C7009DE27A /* SceneDelegate.swift */ = {isa = PBXFileReference; lastKnownFileType = sourcecode.swift; path = SceneDelegate.swift; sourceTree = "<group>"; };
		CF327F3126F654C7009DE27A /* Base */ = {isa = PBXFileReference; lastKnownFileType = file.storyboard; name = Base; path = Base.lproj/Main.storyboard; sourceTree = "<group>"; };
		CF327F3326F654CA009DE27A /* Assets.xcassets */ = {isa = PBXFileReference; lastKnownFileType = folder.assetcatalog; path = Assets.xcassets; sourceTree = "<group>"; };
		CF327F3626F654CA009DE27A /* Base */ = {isa = PBXFileReference; lastKnownFileType = file.storyboard; name = Base; path = Base.lproj/LaunchScreen.storyboard; sourceTree = "<group>"; };
		CF327F3826F654CA009DE27A /* Info.plist */ = {isa = PBXFileReference; lastKnownFileType = text.plist.xml; path = Info.plist; sourceTree = "<group>"; };
		CF327F3D26F654CB009DE27A /* flixterTests.xctest */ = {isa = PBXFileReference; explicitFileType = wrapper.cfbundle; includeInIndex = 0; path = flixterTests.xctest; sourceTree = BUILT_PRODUCTS_DIR; };
		CF327F4126F654CB009DE27A /* flixterTests.swift */ = {isa = PBXFileReference; lastKnownFileType = sourcecode.swift; path = flixterTests.swift; sourceTree = "<group>"; };
		CF327F4326F654CB009DE27A /* Info.plist */ = {isa = PBXFileReference; lastKnownFileType = text.plist.xml; path = Info.plist; sourceTree = "<group>"; };
		CF327F4826F654CB009DE27A /* flixterUITests.xctest */ = {isa = PBXFileReference; explicitFileType = wrapper.cfbundle; includeInIndex = 0; path = flixterUITests.xctest; sourceTree = BUILT_PRODUCTS_DIR; };
		CF327F4C26F654CB009DE27A /* flixterUITests.swift */ = {isa = PBXFileReference; lastKnownFileType = sourcecode.swift; path = flixterUITests.swift; sourceTree = "<group>"; };
		CF327F4E26F654CB009DE27A /* Info.plist */ = {isa = PBXFileReference; lastKnownFileType = text.plist.xml; path = Info.plist; sourceTree = "<group>"; };
		CF327F5A26FE225C009DE27A /* MoviesViewController.swift */ = {isa = PBXFileReference; lastKnownFileType = sourcecode.swift; path = MoviesViewController.swift; sourceTree = "<group>"; };
		CF327F5E2700199B009DE27A /* MovieCell.swift */ = {isa = PBXFileReference; lastKnownFileType = sourcecode.swift; path = MovieCell.swift; sourceTree = "<group>"; };
		FE56C05CC1C39A4A11E7F247 /* Pods-flixter-flixterUITests.debug.xcconfig */ = {isa = PBXFileReference; includeInIndex = 1; lastKnownFileType = text.xcconfig; name = "Pods-flixter-flixterUITests.debug.xcconfig"; path = "Target Support Files/Pods-flixter-flixterUITests/Pods-flixter-flixterUITests.debug.xcconfig"; sourceTree = "<group>"; };
/* End PBXFileReference section */

/* Begin PBXFrameworksBuildPhase section */
		CF327F2426F654C7009DE27A /* Frameworks */ = {
			isa = PBXFrameworksBuildPhase;
			buildActionMask = 2147483647;
			files = (
				CF327F622700D565009DE27A /* AlamofireImage in Frameworks */,
				61802A5BA6DF9E61110CD399 /* Pods_flixter.framework in Frameworks */,
			);
			runOnlyForDeploymentPostprocessing = 0;
		};
		CF327F3A26F654CA009DE27A /* Frameworks */ = {
			isa = PBXFrameworksBuildPhase;
			buildActionMask = 2147483647;
			files = (
				C3225B1B75BBBA5E336F974C /* Pods_flixterTests.framework in Frameworks */,
			);
			runOnlyForDeploymentPostprocessing = 0;
		};
		CF327F4526F654CB009DE27A /* Frameworks */ = {
			isa = PBXFrameworksBuildPhase;
			buildActionMask = 2147483647;
			files = (
				11F53DB06E1C51FFB3390FD3 /* Pods_flixter_flixterUITests.framework in Frameworks */,
			);
			runOnlyForDeploymentPostprocessing = 0;
		};
/* End PBXFrameworksBuildPhase section */

/* Begin PBXGroup section */
		709C5FC0AC738E2D80397DD2 /* Frameworks */ = {
			isa = PBXGroup;
			children = (
				834AD43A6D110DE2986F0E51 /* Pods_flixter.framework */,
				CED8AE4F82972AC37D7CCC72 /* Pods_flixter_flixterUITests.framework */,
				41AA207B050C7D14FFACACDE /* Pods_flixterTests.framework */,
			);
			name = Frameworks;
			sourceTree = "<group>";
		};
		8729ADDB0FE658F7461798A4 /* Pods */ = {
			isa = PBXGroup;
			children = (
				1CB0E339D93001DF2B742DDC /* Pods-flixter.debug.xcconfig */,
				99FF825D24062ADD7C827694 /* Pods-flixter.release.xcconfig */,
				FE56C05CC1C39A4A11E7F247 /* Pods-flixter-flixterUITests.debug.xcconfig */,
				C09B240702EF23BCCB26604A /* Pods-flixter-flixterUITests.release.xcconfig */,
				8E939E816A9AADE9407F30A7 /* Pods-flixterTests.debug.xcconfig */,
				2C4EC16DE3FC7CA73FDDCC21 /* Pods-flixterTests.release.xcconfig */,
			);
			name = Pods;
			path = Pods;
			sourceTree = "<group>";
		};
		CF327F1E26F654C7009DE27A = {
			isa = PBXGroup;
			children = (
				CF327F2926F654C7009DE27A /* flixter */,
				CF327F4026F654CB009DE27A /* flixterTests */,
				CF327F4B26F654CB009DE27A /* flixterUITests */,
				CF327F2826F654C7009DE27A /* Products */,
				8729ADDB0FE658F7461798A4 /* Pods */,
				709C5FC0AC738E2D80397DD2 /* Frameworks */,
			);
			sourceTree = "<group>";
		};
		CF327F2826F654C7009DE27A /* Products */ = {
			isa = PBXGroup;
			children = (
				CF327F2726F654C7009DE27A /* flixter.app */,
				CF327F3D26F654CB009DE27A /* flixterTests.xctest */,
				CF327F4826F654CB009DE27A /* flixterUITests.xctest */,
			);
			name = Products;
			sourceTree = "<group>";
		};
		CF327F2926F654C7009DE27A /* flixter */ = {
			isa = PBXGroup;
			children = (
				CF327F2A26F654C7009DE27A /* AppDelegate.swift */,
				CF327F2C26F654C7009DE27A /* SceneDelegate.swift */,
				CF327F3026F654C7009DE27A /* Main.storyboard */,
				CF327F3326F654CA009DE27A /* Assets.xcassets */,
				CF327F3526F654CA009DE27A /* LaunchScreen.storyboard */,
				CF327F3826F654CA009DE27A /* Info.plist */,
				CF327F5A26FE225C009DE27A /* MoviesViewController.swift */,
				CF327F5E2700199B009DE27A /* MovieCell.swift */,
			);
			path = flixter;
			sourceTree = "<group>";
		};
		CF327F4026F654CB009DE27A /* flixterTests */ = {
			isa = PBXGroup;
			children = (
				CF327F4126F654CB009DE27A /* flixterTests.swift */,
				CF327F4326F654CB009DE27A /* Info.plist */,
			);
			path = flixterTests;
			sourceTree = "<group>";
		};
		CF327F4B26F654CB009DE27A /* flixterUITests */ = {
			isa = PBXGroup;
			children = (
				CF327F4C26F654CB009DE27A /* flixterUITests.swift */,
				CF327F4E26F654CB009DE27A /* Info.plist */,
			);
			path = flixterUITests;
			sourceTree = "<group>";
		};
/* End PBXGroup section */

/* Begin PBXNativeTarget section */
		CF327F2626F654C7009DE27A /* flixter */ = {
			isa = PBXNativeTarget;
			buildConfigurationList = CF327F5126F654CB009DE27A /* Build configuration list for PBXNativeTarget "flixter" */;
			buildPhases = (
				BE85967966202E7C4BEEABD6 /* [CP] Check Pods Manifest.lock */,
				CF327F2326F654C7009DE27A /* Sources */,
				CF327F2426F654C7009DE27A /* Frameworks */,
				CF327F2526F654C7009DE27A /* Resources */,
				8380D566981434DA3DF3F963 /* [CP] Embed Pods Frameworks */,
			);
			buildRules = (
			);
			dependencies = (
			);
			name = flixter;
			packageProductDependencies = (
				CF327F612700D565009DE27A /* AlamofireImage */,
			);
			productName = flixter;
			productReference = CF327F2726F654C7009DE27A /* flixter.app */;
			productType = "com.apple.product-type.application";
		};
		CF327F3C26F654CA009DE27A /* flixterTests */ = {
			isa = PBXNativeTarget;
			buildConfigurationList = CF327F5426F654CB009DE27A /* Build configuration list for PBXNativeTarget "flixterTests" */;
			buildPhases = (
				BD8B84331E54E6D28239238A /* [CP] Check Pods Manifest.lock */,
				CF327F3926F654CA009DE27A /* Sources */,
				CF327F3A26F654CA009DE27A /* Frameworks */,
				CF327F3B26F654CA009DE27A /* Resources */,
			);
			buildRules = (
			);
			dependencies = (
				CF327F3F26F654CB009DE27A /* PBXTargetDependency */,
			);
			name = flixterTests;
			productName = flixterTests;
			productReference = CF327F3D26F654CB009DE27A /* flixterTests.xctest */;
			productType = "com.apple.product-type.bundle.unit-test";
		};
		CF327F4726F654CB009DE27A /* flixterUITests */ = {
			isa = PBXNativeTarget;
			buildConfigurationList = CF327F5726F654CB009DE27A /* Build configuration list for PBXNativeTarget "flixterUITests" */;
			buildPhases = (
				A4A237C3231AFE0AF4D89189 /* [CP] Check Pods Manifest.lock */,
				CF327F4426F654CB009DE27A /* Sources */,
				CF327F4526F654CB009DE27A /* Frameworks */,
				CF327F4626F654CB009DE27A /* Resources */,
				7B90E99D09ABED4D325DA4F7 /* [CP] Embed Pods Frameworks */,
			);
			buildRules = (
			);
			dependencies = (
				CF327F4A26F654CB009DE27A /* PBXTargetDependency */,
			);
			name = flixterUITests;
			productName = flixterUITests;
			productReference = CF327F4826F654CB009DE27A /* flixterUITests.xctest */;
			productType = "com.apple.product-type.bundle.ui-testing";
		};
/* End PBXNativeTarget section */

/* Begin PBXProject section */
		CF327F1F26F654C7009DE27A /* Project object */ = {
			isa = PBXProject;
			attributes = {
				LastSwiftUpdateCheck = 1250;
				LastUpgradeCheck = 1250;
				TargetAttributes = {
					CF327F2626F654C7009DE27A = {
						CreatedOnToolsVersion = 12.5.1;
					};
					CF327F3C26F654CA009DE27A = {
						CreatedOnToolsVersion = 12.5.1;
						TestTargetID = CF327F2626F654C7009DE27A;
					};
					CF327F4726F654CB009DE27A = {
						CreatedOnToolsVersion = 12.5.1;
						TestTargetID = CF327F2626F654C7009DE27A;
					};
				};
			};
			buildConfigurationList = CF327F2226F654C7009DE27A /* Build configuration list for PBXProject "flixter" */;
			compatibilityVersion = "Xcode 9.3";
			developmentRegion = en;
			hasScannedForEncodings = 0;
			knownRegions = (
				en,
				Base,
			);
			mainGroup = CF327F1E26F654C7009DE27A;
			packageReferences = (
				CF327F602700D565009DE27A /* XCRemoteSwiftPackageReference "AlamofireImage" */,
			);
			productRefGroup = CF327F2826F654C7009DE27A /* Products */;
			projectDirPath = "";
			projectRoot = "";
			targets = (
				CF327F2626F654C7009DE27A /* flixter */,
				CF327F3C26F654CA009DE27A /* flixterTests */,
				CF327F4726F654CB009DE27A /* flixterUITests */,
			);
		};
/* End PBXProject section */

/* Begin PBXResourcesBuildPhase section */
		CF327F2526F654C7009DE27A /* Resources */ = {
			isa = PBXResourcesBuildPhase;
			buildActionMask = 2147483647;
			files = (
				CF327F3726F654CA009DE27A /* LaunchScreen.storyboard in Resources */,
				CF327F3426F654CA009DE27A /* Assets.xcassets in Resources */,
				CF327F3226F654C7009DE27A /* Main.storyboard in Resources */,
			);
			runOnlyForDeploymentPostprocessing = 0;
		};
		CF327F3B26F654CA009DE27A /* Resources */ = {
			isa = PBXResourcesBuildPhase;
			buildActionMask = 2147483647;
			files = (
			);
			runOnlyForDeploymentPostprocessing = 0;
		};
		CF327F4626F654CB009DE27A /* Resources */ = {
			isa = PBXResourcesBuildPhase;
			buildActionMask = 2147483647;
			files = (
			);
			runOnlyForDeploymentPostprocessing = 0;
		};
/* End PBXResourcesBuildPhase section */

/* Begin PBXShellScriptBuildPhase section */
		7B90E99D09ABED4D325DA4F7 /* [CP] Embed Pods Frameworks */ = {
			isa = PBXShellScriptBuildPhase;
			buildActionMask = 2147483647;
			files = (
			);
			inputFileListPaths = (
				"${PODS_ROOT}/Target Support Files/Pods-flixter-flixterUITests/Pods-flixter-flixterUITests-frameworks-${CONFIGURATION}-input-files.xcfilelist",
			);
			name = "[CP] Embed Pods Frameworks";
			outputFileListPaths = (
				"${PODS_ROOT}/Target Support Files/Pods-flixter-flixterUITests/Pods-flixter-flixterUITests-frameworks-${CONFIGURATION}-output-files.xcfilelist",
			);
			runOnlyForDeploymentPostprocessing = 0;
			shellPath = /bin/sh;
			shellScript = "\"${PODS_ROOT}/Target Support Files/Pods-flixter-flixterUITests/Pods-flixter-flixterUITests-frameworks.sh\"\n";
			showEnvVarsInLog = 0;
		};
		8380D566981434DA3DF3F963 /* [CP] Embed Pods Frameworks */ = {
			isa = PBXShellScriptBuildPhase;
			buildActionMask = 2147483647;
			files = (
			);
			inputFileListPaths = (
				"${PODS_ROOT}/Target Support Files/Pods-flixter/Pods-flixter-frameworks-${CONFIGURATION}-input-files.xcfilelist",
			);
			name = "[CP] Embed Pods Frameworks";
			outputFileListPaths = (
				"${PODS_ROOT}/Target Support Files/Pods-flixter/Pods-flixter-frameworks-${CONFIGURATION}-output-files.xcfilelist",
			);
			runOnlyForDeploymentPostprocessing = 0;
			shellPath = /bin/sh;
			shellScript = "\"${PODS_ROOT}/Target Support Files/Pods-flixter/Pods-flixter-frameworks.sh\"\n";
			showEnvVarsInLog = 0;
		};
		A4A237C3231AFE0AF4D89189 /* [CP] Check Pods Manifest.lock */ = {
			isa = PBXShellScriptBuildPhase;
			buildActionMask = 2147483647;
			files = (
			);
			inputFileListPaths = (
			);
			inputPaths = (
				"${PODS_PODFILE_DIR_PATH}/Podfile.lock",
				"${PODS_ROOT}/Manifest.lock",
			);
			name = "[CP] Check Pods Manifest.lock";
			outputFileListPaths = (
			);
			outputPaths = (
				"$(DERIVED_FILE_DIR)/Pods-flixter-flixterUITests-checkManifestLockResult.txt",
			);
			runOnlyForDeploymentPostprocessing = 0;
			shellPath = /bin/sh;
			shellScript = "diff \"${PODS_PODFILE_DIR_PATH}/Podfile.lock\" \"${PODS_ROOT}/Manifest.lock\" > /dev/null\nif [ $? != 0 ] ; then\n    # print error to STDERR\n    echo \"error: The sandbox is not in sync with the Podfile.lock. Run 'pod install' or update your CocoaPods installation.\" >&2\n    exit 1\nfi\n# This output is used by Xcode 'outputs' to avoid re-running this script phase.\necho \"SUCCESS\" > \"${SCRIPT_OUTPUT_FILE_0}\"\n";
			showEnvVarsInLog = 0;
		};
		BD8B84331E54E6D28239238A /* [CP] Check Pods Manifest.lock */ = {
			isa = PBXShellScriptBuildPhase;
			buildActionMask = 2147483647;
			files = (
			);
			inputFileListPaths = (
			);
			inputPaths = (
				"${PODS_PODFILE_DIR_PATH}/Podfile.lock",
				"${PODS_ROOT}/Manifest.lock",
			);
			name = "[CP] Check Pods Manifest.lock";
			outputFileListPaths = (
			);
			outputPaths = (
				"$(DERIVED_FILE_DIR)/Pods-flixterTests-checkManifestLockResult.txt",
			);
			runOnlyForDeploymentPostprocessing = 0;
			shellPath = /bin/sh;
			shellScript = "diff \"${PODS_PODFILE_DIR_PATH}/Podfile.lock\" \"${PODS_ROOT}/Manifest.lock\" > /dev/null\nif [ $? != 0 ] ; then\n    # print error to STDERR\n    echo \"error: The sandbox is not in sync with the Podfile.lock. Run 'pod install' or update your CocoaPods installation.\" >&2\n    exit 1\nfi\n# This output is used by Xcode 'outputs' to avoid re-running this script phase.\necho \"SUCCESS\" > \"${SCRIPT_OUTPUT_FILE_0}\"\n";
			showEnvVarsInLog = 0;
		};
		BE85967966202E7C4BEEABD6 /* [CP] Check Pods Manifest.lock */ = {
			isa = PBXShellScriptBuildPhase;
			buildActionMask = 2147483647;
			files = (
			);
			inputFileListPaths = (
			);
			inputPaths = (
				"${PODS_PODFILE_DIR_PATH}/Podfile.lock",
				"${PODS_ROOT}/Manifest.lock",
			);
			name = "[CP] Check Pods Manifest.lock";
			outputFileListPaths = (
			);
			outputPaths = (
				"$(DERIVED_FILE_DIR)/Pods-flixter-checkManifestLockResult.txt",
			);
			runOnlyForDeploymentPostprocessing = 0;
			shellPath = /bin/sh;
			shellScript = "diff \"${PODS_PODFILE_DIR_PATH}/Podfile.lock\" \"${PODS_ROOT}/Manifest.lock\" > /dev/null\nif [ $? != 0 ] ; then\n    # print error to STDERR\n    echo \"error: The sandbox is not in sync with the Podfile.lock. Run 'pod install' or update your CocoaPods installation.\" >&2\n    exit 1\nfi\n# This output is used by Xcode 'outputs' to avoid re-running this script phase.\necho \"SUCCESS\" > \"${SCRIPT_OUTPUT_FILE_0}\"\n";
			showEnvVarsInLog = 0;
		};
/* End PBXShellScriptBuildPhase section */

/* Begin PBXSourcesBuildPhase section */
		CF327F2326F654C7009DE27A /* Sources */ = {
			isa = PBXSourcesBuildPhase;
			buildActionMask = 2147483647;
			files = (
				CF327F2B26F654C7009DE27A /* AppDelegate.swift in Sources */,
				CF327F2D26F654C7009DE27A /* SceneDelegate.swift in Sources */,
				CF327F5F2700199B009DE27A /* MovieCell.swift in Sources */,
				CF327F5B26FE225C009DE27A /* MoviesViewController.swift in Sources */,
			);
			runOnlyForDeploymentPostprocessing = 0;
		};
		CF327F3926F654CA009DE27A /* Sources */ = {
			isa = PBXSourcesBuildPhase;
			buildActionMask = 2147483647;
			files = (
				CF327F4226F654CB009DE27A /* flixterTests.swift in Sources */,
			);
			runOnlyForDeploymentPostprocessing = 0;
		};
		CF327F4426F654CB009DE27A /* Sources */ = {
			isa = PBXSourcesBuildPhase;
			buildActionMask = 2147483647;
			files = (
				CF327F4D26F654CB009DE27A /* flixterUITests.swift in Sources */,
			);
			runOnlyForDeploymentPostprocessing = 0;
		};
/* End PBXSourcesBuildPhase section */

/* Begin PBXTargetDependency section */
		CF327F3F26F654CB009DE27A /* PBXTargetDependency */ = {
			isa = PBXTargetDependency;
			target = CF327F2626F654C7009DE27A /* flixter */;
			targetProxy = CF327F3E26F654CB009DE27A /* PBXContainerItemProxy */;
		};
		CF327F4A26F654CB009DE27A /* PBXTargetDependency */ = {
			isa = PBXTargetDependency;
			target = CF327F2626F654C7009DE27A /* flixter */;
			targetProxy = CF327F4926F654CB009DE27A /* PBXContainerItemProxy */;
		};
/* End PBXTargetDependency section */

/* Begin PBXVariantGroup section */
		CF327F3026F654C7009DE27A /* Main.storyboard */ = {
			isa = PBXVariantGroup;
			children = (
				CF327F3126F654C7009DE27A /* Base */,
			);
			name = Main.storyboard;
			sourceTree = "<group>";
		};
		CF327F3526F654CA009DE27A /* LaunchScreen.storyboard */ = {
			isa = PBXVariantGroup;
			children = (
				CF327F3626F654CA009DE27A /* Base */,
			);
			name = LaunchScreen.storyboard;
			sourceTree = "<group>";
		};
/* End PBXVariantGroup section */

/* Begin XCBuildConfiguration section */
		CF327F4F26F654CB009DE27A /* Debug */ = {
			isa = XCBuildConfiguration;
			buildSettings = {
				ALWAYS_SEARCH_USER_PATHS = NO;
				CLANG_ANALYZER_NONNULL = YES;
				CLANG_ANALYZER_NUMBER_OBJECT_CONVERSION = YES_AGGRESSIVE;
				CLANG_CXX_LANGUAGE_STANDARD = "gnu++14";
				CLANG_CXX_LIBRARY = "libc++";
				CLANG_ENABLE_MODULES = YES;
				CLANG_ENABLE_OBJC_ARC = YES;
				CLANG_ENABLE_OBJC_WEAK = YES;
				CLANG_WARN_BLOCK_CAPTURE_AUTORELEASING = YES;
				CLANG_WARN_BOOL_CONVERSION = YES;
				CLANG_WARN_COMMA = YES;
				CLANG_WARN_CONSTANT_CONVERSION = YES;
				CLANG_WARN_DEPRECATED_OBJC_IMPLEMENTATIONS = YES;
				CLANG_WARN_DIRECT_OBJC_ISA_USAGE = YES_ERROR;
				CLANG_WARN_DOCUMENTATION_COMMENTS = YES;
				CLANG_WARN_EMPTY_BODY = YES;
				CLANG_WARN_ENUM_CONVERSION = YES;
				CLANG_WARN_INFINITE_RECURSION = YES;
				CLANG_WARN_INT_CONVERSION = YES;
				CLANG_WARN_NON_LITERAL_NULL_CONVERSION = YES;
				CLANG_WARN_OBJC_IMPLICIT_RETAIN_SELF = YES;
				CLANG_WARN_OBJC_LITERAL_CONVERSION = YES;
				CLANG_WARN_OBJC_ROOT_CLASS = YES_ERROR;
				CLANG_WARN_QUOTED_INCLUDE_IN_FRAMEWORK_HEADER = YES;
				CLANG_WARN_RANGE_LOOP_ANALYSIS = YES;
				CLANG_WARN_STRICT_PROTOTYPES = YES;
				CLANG_WARN_SUSPICIOUS_MOVE = YES;
				CLANG_WARN_UNGUARDED_AVAILABILITY = YES_AGGRESSIVE;
				CLANG_WARN_UNREACHABLE_CODE = YES;
				CLANG_WARN__DUPLICATE_METHOD_MATCH = YES;
				COPY_PHASE_STRIP = NO;
				DEBUG_INFORMATION_FORMAT = dwarf;
				ENABLE_STRICT_OBJC_MSGSEND = YES;
				ENABLE_TESTABILITY = YES;
				GCC_C_LANGUAGE_STANDARD = gnu11;
				GCC_DYNAMIC_NO_PIC = NO;
				GCC_NO_COMMON_BLOCKS = YES;
				GCC_OPTIMIZATION_LEVEL = 0;
				GCC_PREPROCESSOR_DEFINITIONS = (
					"DEBUG=1",
					"$(inherited)",
				);
				GCC_WARN_64_TO_32_BIT_CONVERSION = YES;
				GCC_WARN_ABOUT_RETURN_TYPE = YES_ERROR;
				GCC_WARN_UNDECLARED_SELECTOR = YES;
				GCC_WARN_UNINITIALIZED_AUTOS = YES_AGGRESSIVE;
				GCC_WARN_UNUSED_FUNCTION = YES;
				GCC_WARN_UNUSED_VARIABLE = YES;
				IPHONEOS_DEPLOYMENT_TARGET = 14.5;
				MTL_ENABLE_DEBUG_INFO = INCLUDE_SOURCE;
				MTL_FAST_MATH = YES;
				ONLY_ACTIVE_ARCH = YES;
				SDKROOT = iphoneos;
				SWIFT_ACTIVE_COMPILATION_CONDITIONS = DEBUG;
				SWIFT_OPTIMIZATION_LEVEL = "-Onone";
			};
			name = Debug;
		};
		CF327F5026F654CB009DE27A /* Release */ = {
			isa = XCBuildConfiguration;
			buildSettings = {
				ALWAYS_SEARCH_USER_PATHS = NO;
				CLANG_ANALYZER_NONNULL = YES;
				CLANG_ANALYZER_NUMBER_OBJECT_CONVERSION = YES_AGGRESSIVE;
				CLANG_CXX_LANGUAGE_STANDARD = "gnu++14";
				CLANG_CXX_LIBRARY = "libc++";
				CLANG_ENABLE_MODULES = YES;
				CLANG_ENABLE_OBJC_ARC = YES;
				CLANG_ENABLE_OBJC_WEAK = YES;
				CLANG_WARN_BLOCK_CAPTURE_AUTORELEASING = YES;
				CLANG_WARN_BOOL_CONVERSION = YES;
				CLANG_WARN_COMMA = YES;
				CLANG_WARN_CONSTANT_CONVERSION = YES;
				CLANG_WARN_DEPRECATED_OBJC_IMPLEMENTATIONS = YES;
				CLANG_WARN_DIRECT_OBJC_ISA_USAGE = YES_ERROR;
				CLANG_WARN_DOCUMENTATION_COMMENTS = YES;
				CLANG_WARN_EMPTY_BODY = YES;
				CLANG_WARN_ENUM_CONVERSION = YES;
				CLANG_WARN_INFINITE_RECURSION = YES;
				CLANG_WARN_INT_CONVERSION = YES;
				CLANG_WARN_NON_LITERAL_NULL_CONVERSION = YES;
				CLANG_WARN_OBJC_IMPLICIT_RETAIN_SELF = YES;
				CLANG_WARN_OBJC_LITERAL_CONVERSION = YES;
				CLANG_WARN_OBJC_ROOT_CLASS = YES_ERROR;
				CLANG_WARN_QUOTED_INCLUDE_IN_FRAMEWORK_HEADER = YES;
				CLANG_WARN_RANGE_LOOP_ANALYSIS = YES;
				CLANG_WARN_STRICT_PROTOTYPES = YES;
				CLANG_WARN_SUSPICIOUS_MOVE = YES;
				CLANG_WARN_UNGUARDED_AVAILABILITY = YES_AGGRESSIVE;
				CLANG_WARN_UNREACHABLE_CODE = YES;
				CLANG_WARN__DUPLICATE_METHOD_MATCH = YES;
				COPY_PHASE_STRIP = NO;
				DEBUG_INFORMATION_FORMAT = "dwarf-with-dsym";
				ENABLE_NS_ASSERTIONS = NO;
				ENABLE_STRICT_OBJC_MSGSEND = YES;
				GCC_C_LANGUAGE_STANDARD = gnu11;
				GCC_NO_COMMON_BLOCKS = YES;
				GCC_WARN_64_TO_32_BIT_CONVERSION = YES;
				GCC_WARN_ABOUT_RETURN_TYPE = YES_ERROR;
				GCC_WARN_UNDECLARED_SELECTOR = YES;
				GCC_WARN_UNINITIALIZED_AUTOS = YES_AGGRESSIVE;
				GCC_WARN_UNUSED_FUNCTION = YES;
				GCC_WARN_UNUSED_VARIABLE = YES;
				IPHONEOS_DEPLOYMENT_TARGET = 14.5;
				MTL_ENABLE_DEBUG_INFO = NO;
				MTL_FAST_MATH = YES;
				SDKROOT = iphoneos;
				SWIFT_COMPILATION_MODE = wholemodule;
				SWIFT_OPTIMIZATION_LEVEL = "-O";
				VALIDATE_PRODUCT = YES;
			};
			name = Release;
		};
		CF327F5226F654CB009DE27A /* Debug */ = {
			isa = XCBuildConfiguration;
			baseConfigurationReference = 1CB0E339D93001DF2B742DDC /* Pods-flixter.debug.xcconfig */;
			buildSettings = {
				ASSETCATALOG_COMPILER_APPICON_NAME = AppIcon;
				ASSETCATALOG_COMPILER_GLOBAL_ACCENT_COLOR_NAME = AccentColor;
				CODE_SIGN_STYLE = Automatic;
				INFOPLIST_FILE = flixter/Info.plist;
				LD_RUNPATH_SEARCH_PATHS = (
					"$(inherited)",
					"@executable_path/Frameworks",
				);
				PRODUCT_BUNDLE_IDENTIFIER = com.sss1025.flixter;
				PRODUCT_NAME = "$(TARGET_NAME)";
				SWIFT_VERSION = 5.0;
				TARGETED_DEVICE_FAMILY = "1,2";
			};
			name = Debug;
		};
		CF327F5326F654CB009DE27A /* Release */ = {
			isa = XCBuildConfiguration;
			baseConfigurationReference = 99FF825D24062ADD7C827694 /* Pods-flixter.release.xcconfig */;
			buildSettings = {
				ASSETCATALOG_COMPILER_APPICON_NAME = AppIcon;
				ASSETCATALOG_COMPILER_GLOBAL_ACCENT_COLOR_NAME = AccentColor;
				CODE_SIGN_STYLE = Automatic;
				INFOPLIST_FILE = flixter/Info.plist;
				LD_RUNPATH_SEARCH_PATHS = (
					"$(inherited)",
					"@executable_path/Frameworks",
				);
				PRODUCT_BUNDLE_IDENTIFIER = com.sss1025.flixter;
				PRODUCT_NAME = "$(TARGET_NAME)";
				SWIFT_VERSION = 5.0;
				TARGETED_DEVICE_FAMILY = "1,2";
			};
			name = Release;
		};
		CF327F5526F654CB009DE27A /* Debug */ = {
			isa = XCBuildConfiguration;
			baseConfigurationReference = 8E939E816A9AADE9407F30A7 /* Pods-flixterTests.debug.xcconfig */;
			buildSettings = {
				ALWAYS_EMBED_SWIFT_STANDARD_LIBRARIES = YES;
				BUNDLE_LOADER = "$(TEST_HOST)";
				CODE_SIGN_STYLE = Automatic;
				INFOPLIST_FILE = flixterTests/Info.plist;
				IPHONEOS_DEPLOYMENT_TARGET = 14.5;
				LD_RUNPATH_SEARCH_PATHS = (
					"$(inherited)",
					"@executable_path/Frameworks",
					"@loader_path/Frameworks",
				);
				PRODUCT_BUNDLE_IDENTIFIER = com.sss1025.flixterTests;
				PRODUCT_NAME = "$(TARGET_NAME)";
				SWIFT_VERSION = 5.0;
				TARGETED_DEVICE_FAMILY = "1,2";
				TEST_HOST = "$(BUILT_PRODUCTS_DIR)/flixter.app/flixter";
			};
			name = Debug;
		};
		CF327F5626F654CB009DE27A /* Release */ = {
			isa = XCBuildConfiguration;
			baseConfigurationReference = 2C4EC16DE3FC7CA73FDDCC21 /* Pods-flixterTests.release.xcconfig */;
			buildSettings = {
				ALWAYS_EMBED_SWIFT_STANDARD_LIBRARIES = YES;
				BUNDLE_LOADER = "$(TEST_HOST)";
				CODE_SIGN_STYLE = Automatic;
				INFOPLIST_FILE = flixterTests/Info.plist;
				IPHONEOS_DEPLOYMENT_TARGET = 14.5;
				LD_RUNPATH_SEARCH_PATHS = (
					"$(inherited)",
					"@executable_path/Frameworks",
					"@loader_path/Frameworks",
				);
				PRODUCT_BUNDLE_IDENTIFIER = com.sss1025.flixterTests;
				PRODUCT_NAME = "$(TARGET_NAME)";
				SWIFT_VERSION = 5.0;
				TARGETED_DEVICE_FAMILY = "1,2";
				TEST_HOST = "$(BUILT_PRODUCTS_DIR)/flixter.app/flixter";
			};
			name = Release;
		};
		CF327F5826F654CB009DE27A /* Debug */ = {
			isa = XCBuildConfiguration;
			baseConfigurationReference = FE56C05CC1C39A4A11E7F247 /* Pods-flixter-flixterUITests.debug.xcconfig */;
			buildSettings = {
				ALWAYS_EMBED_SWIFT_STANDARD_LIBRARIES = YES;
				CODE_SIGN_STYLE = Automatic;
				INFOPLIST_FILE = flixterUITests/Info.plist;
				LD_RUNPATH_SEARCH_PATHS = (
					"$(inherited)",
					"@executable_path/Frameworks",
					"@loader_path/Frameworks",
				);
				PRODUCT_BUNDLE_IDENTIFIER = com.sss1025.flixterUITests;
				PRODUCT_NAME = "$(TARGET_NAME)";
				SWIFT_VERSION = 5.0;
				TARGETED_DEVICE_FAMILY = "1,2";
				TEST_TARGET_NAME = flixter;
			};
			name = Debug;
		};
		CF327F5926F654CB009DE27A /* Release */ = {
			isa = XCBuildConfiguration;
			baseConfigurationReference = C09B240702EF23BCCB26604A /* Pods-flixter-flixterUITests.release.xcconfig */;
			buildSettings = {
				ALWAYS_EMBED_SWIFT_STANDARD_LIBRARIES = YES;
				CODE_SIGN_STYLE = Automatic;
				INFOPLIST_FILE = flixterUITests/Info.plist;
				LD_RUNPATH_SEARCH_PATHS = (
					"$(inherited)",
					"@executable_path/Frameworks",
					"@loader_path/Frameworks",
				);
				PRODUCT_BUNDLE_IDENTIFIER = com.sss1025.flixterUITests;
				PRODUCT_NAME = "$(TARGET_NAME)";
				SWIFT_VERSION = 5.0;
				TARGETED_DEVICE_FAMILY = "1,2";
				TEST_TARGET_NAME = flixter;
			};
			name = Release;
		};
/* End XCBuildConfiguration section */

/* Begin XCConfigurationList section */
		CF327F2226F654C7009DE27A /* Build configuration list for PBXProject "flixter" */ = {
			isa = XCConfigurationList;
			buildConfigurations = (
				CF327F4F26F654CB009DE27A /* Debug */,
				CF327F5026F654CB009DE27A /* Release */,
			);
			defaultConfigurationIsVisible = 0;
			defaultConfigurationName = Release;
		};
		CF327F5126F654CB009DE27A /* Build configuration list for PBXNativeTarget "flixter" */ = {
			isa = XCConfigurationList;
			buildConfigurations = (
				CF327F5226F654CB009DE27A /* Debug */,
				CF327F5326F654CB009DE27A /* Release */,
			);
			defaultConfigurationIsVisible = 0;
			defaultConfigurationName = Release;
		};
		CF327F5426F654CB009DE27A /* Build configuration list for PBXNativeTarget "flixterTests" */ = {
			isa = XCConfigurationList;
			buildConfigurations = (
				CF327F5526F654CB009DE27A /* Debug */,
				CF327F5626F654CB009DE27A /* Release */,
			);
			defaultConfigurationIsVisible = 0;
			defaultConfigurationName = Release;
		};
		CF327F5726F654CB009DE27A /* Build configuration list for PBXNativeTarget "flixterUITests" */ = {
			isa = XCConfigurationList;
			buildConfigurations = (
				CF327F5826F654CB009DE27A /* Debug */,
				CF327F5926F654CB009DE27A /* Release */,
			);
			defaultConfigurationIsVisible = 0;
			defaultConfigurationName = Release;
		};
/* End XCConfigurationList section */

/* Begin XCRemoteSwiftPackageReference section */
		CF327F602700D565009DE27A /* XCRemoteSwiftPackageReference "AlamofireImage" */ = {
			isa = XCRemoteSwiftPackageReference;
			repositoryURL = "https://github.com/Alamofire/AlamofireImage";
			requirement = {
				kind = upToNextMajorVersion;
				minimumVersion = 4.2.0;
			};
		};
/* End XCRemoteSwiftPackageReference section */

/* Begin XCSwiftPackageProductDependency section */
		CF327F612700D565009DE27A /* AlamofireImage */ = {
			isa = XCSwiftPackageProductDependency;
			package = CF327F602700D565009DE27A /* XCRemoteSwiftPackageReference "AlamofireImage" */;
			productName = AlamofireImage;
		};
/* End XCSwiftPackageProductDependency section */
	};
	rootObject = CF327F1F26F654C7009DE27A /* Project object */;
}
